
Microsoft Visual Studio Solution File, Format Version 12.00
# Visual Studio 15
VisualStudioVersion = 15.0.26124.0
MinimumVisualStudioVersion = 15.0.26124.0
Project("{2150E333-8FDC-42A3-9474-1A3956D46DE8}") = "Puffin", "Puffin", "{922FDE15-5D2C-4AC3-B359-D1A74320A234}"
EndProject
Project("{FAE04EC0-301F-11D3-BF4B-00C04F79EFBC}") = "Puffin.Core", "Puffin\Puffin.Core\Puffin.Core.csproj", "{09175FA2-AB50-43A8-BB18-2B96D36CC202}"
EndProject
Project("{FAE04EC0-301F-11D3-BF4B-00C04F79EFBC}") = "Puffin.Infrastructure.MonoGame", "Puffin\Puffin.Infrastructure.MonoGame\Puffin.Infrastructure.MonoGame.csproj", "{992C1410-BE16-4065-96BC-06F45F729DFD}"
EndProject
Project("{FAE04EC0-301F-11D3-BF4B-00C04F79EFBC}") = "Puffin.UI", "Puffin\Puffin.UI\Puffin.UI.csproj", "{41C65E31-0F04-456B-A9D2-FA12386EA9A5}"
EndProject
Global
	GlobalSection(SolutionConfigurationPlatforms) = preSolution
		Debug|Any CPU = Debug|Any CPU
		Debug|x64 = Debug|x64
		Debug|x86 = Debug|x86
		Release|Any CPU = Release|Any CPU
		Release|x64 = Release|x64
		Release|x86 = Release|x86
	EndGlobalSection
	GlobalSection(SolutionProperties) = preSolution
		HideSolutionNode = FALSE
	EndGlobalSection
	GlobalSection(ProjectConfigurationPlatforms) = postSolution
		{09175FA2-AB50-43A8-BB18-2B96D36CC202}.Debug|Any CPU.ActiveCfg = Debug|Any CPU
		{09175FA2-AB50-43A8-BB18-2B96D36CC202}.Debug|Any CPU.Build.0 = Debug|Any CPU
		{09175FA2-AB50-43A8-BB18-2B96D36CC202}.Debug|x64.ActiveCfg = Debug|Any CPU
		{09175FA2-AB50-43A8-BB18-2B96D36CC202}.Debug|x64.Build.0 = Debug|Any CPU
		{09175FA2-AB50-43A8-BB18-2B96D36CC202}.Debug|x86.ActiveCfg = Debug|Any CPU
		{09175FA2-AB50-43A8-BB18-2B96D36CC202}.Debug|x86.Build.0 = Debug|Any CPU
		{09175FA2-AB50-43A8-BB18-2B96D36CC202}.Release|Any CPU.ActiveCfg = Release|Any CPU
		{09175FA2-AB50-43A8-BB18-2B96D36CC202}.Release|Any CPU.Build.0 = Release|Any CPU
		{09175FA2-AB50-43A8-BB18-2B96D36CC202}.Release|x64.ActiveCfg = Release|Any CPU
		{09175FA2-AB50-43A8-BB18-2B96D36CC202}.Release|x64.Build.0 = Release|Any CPU
		{09175FA2-AB50-43A8-BB18-2B96D36CC202}.Release|x86.ActiveCfg = Release|Any CPU
		{09175FA2-AB50-43A8-BB18-2B96D36CC202}.Release|x86.Build.0 = Release|Any CPU
		{992C1410-BE16-4065-96BC-06F45F729DFD}.Debug|Any CPU.ActiveCfg = Debug|Any CPU
		{992C1410-BE16-4065-96BC-06F45F729DFD}.Debug|Any CPU.Build.0 = Debug|Any CPU
		{992C1410-BE16-4065-96BC-06F45F729DFD}.Debug|x64.ActiveCfg = Debug|Any CPU
		{992C1410-BE16-4065-96BC-06F45F729DFD}.Debug|x64.Build.0 = Debug|Any CPU
		{992C1410-BE16-4065-96BC-06F45F729DFD}.Debug|x86.ActiveCfg = Debug|Any CPU
		{992C1410-BE16-4065-96BC-06F45F729DFD}.Debug|x86.Build.0 = Debug|Any CPU
		{992C1410-BE16-4065-96BC-06F45F729DFD}.Release|Any CPU.ActiveCfg = Release|Any CPU
		{992C1410-BE16-4065-96BC-06F45F729DFD}.Release|Any CPU.Build.0 = Release|Any CPU
		{992C1410-BE16-4065-96BC-06F45F729DFD}.Release|x64.ActiveCfg = Release|Any CPU
		{992C1410-BE16-4065-96BC-06F45F729DFD}.Release|x64.Build.0 = Release|Any CPU
		{992C1410-BE16-4065-96BC-06F45F729DFD}.Release|x86.ActiveCfg = Release|Any CPU
		{992C1410-BE16-4065-96BC-06F45F729DFD}.Release|x86.Build.0 = Release|Any CPU
		{41C65E31-0F04-456B-A9D2-FA12386EA9A5}.Debug|Any CPU.ActiveCfg = Debug|Any CPU
		{41C65E31-0F04-456B-A9D2-FA12386EA9A5}.Debug|Any CPU.Build.0 = Debug|Any CPU
		{41C65E31-0F04-456B-A9D2-FA12386EA9A5}.Debug|x64.ActiveCfg = Debug|Any CPU
		{41C65E31-0F04-456B-A9D2-FA12386EA9A5}.Debug|x64.Build.0 = Debug|Any CPU
		{41C65E31-0F04-456B-A9D2-FA12386EA9A5}.Debug|x86.ActiveCfg = Debug|Any CPU
		{41C65E31-0F04-456B-A9D2-FA12386EA9A5}.Debug|x86.Build.0 = Debug|Any CPU
		{41C65E31-0F04-456B-A9D2-FA12386EA9A5}.Release|Any CPU.ActiveCfg = Release|Any CPU
		{41C65E31-0F04-456B-A9D2-FA12386EA9A5}.Release|Any CPU.Build.0 = Release|Any CPU
		{41C65E31-0F04-456B-A9D2-FA12386EA9A5}.Release|x64.ActiveCfg = Release|Any CPU
		{41C65E31-0F04-456B-A9D2-FA12386EA9A5}.Release|x64.Build.0 = Release|Any CPU
		{41C65E31-0F04-456B-A9D2-FA12386EA9A5}.Release|x86.ActiveCfg = Release|Any CPU
		{41C65E31-0F04-456B-A9D2-FA12386EA9A5}.Release|x86.Build.0 = Release|Any CPU
	EndGlobalSection
	GlobalSection(NestedProjects) = preSolution
		{09175FA2-AB50-43A8-BB18-2B96D36CC202} = {922FDE15-5D2C-4AC3-B359-D1A74320A234}
		{992C1410-BE16-4065-96BC-06F45F729DFD} = {922FDE15-5D2C-4AC3-B359-D1A74320A234}
		{41C65E31-0F04-456B-A9D2-FA12386EA9A5} = {922FDE15-5D2C-4AC3-B359-D1A74320A234}
	EndGlobalSection
EndGlobal
